
Microsoft Visual Studio Solution File, Format Version 12.00
# Visual Studio 2013
VisualStudioVersion = 12.0.30723.0
MinimumVisualStudioVersion = 10.0.40219.1
Project("{2150E333-8FDC-42A3-9474-1A3956D46DE8}") = "src", "src", "{DFD90553-2D87-4869-90E7-BF9E725B2799}"
EndProject
Project("{2150E333-8FDC-42A3-9474-1A3956D46DE8}") = "test", "test", "{ED37C2F2-A1C2-4633-BE85-2479154BCC30}"
EndProject
Project("{FAE04EC0-301F-11D3-BF4B-00C04F79EFBC}") = "Geocrest.Data.Contracts", "src\Geocrest.Data.Contracts\Geocrest.Data.Contracts.csproj", "{68F2970D-2DE2-4A77-AA27-2B08D0FC236D}"
EndProject
Project("{FAE04EC0-301F-11D3-BF4B-00C04F79EFBC}") = "Geocrest.Web.Infrastructure", "src\Geocrest.Web.Infrastructure\Geocrest.Web.Infrastructure.csproj", "{D1A814CD-A86E-43DA-B5F5-29A34AA8BD57}"
EndProject
Project("{FAE04EC0-301F-11D3-BF4B-00C04F79EFBC}") = "Geocrest.Web.Mvc", "src\Geocrest.Web.Mvc\Geocrest.Web.Mvc.csproj", "{271B99F7-15AC-4ADF-A5E7-E62D215E614B}"
EndProject
Project("{2150E333-8FDC-42A3-9474-1A3956D46DE8}") = "tools", "tools", "{3F766CFB-6A4E-4E2E-8A77-7258C3DB93F6}"
EndProject
Project("{FAE04EC0-301F-11D3-BF4B-00C04F79EFBC}") = "Geocrest.Net.UpdateVersion", "tools\AssemblyVersioning\UpdateAssemblyVersion\Geocrest.Net.UpdateVersion.csproj", "{5201C0CE-A087-4D0D-AC3D-5FE70EFC4AEC}"
EndProject
Project("{FAE04EC0-301F-11D3-BF4B-00C04F79EFBC}") = "Geocrest.Net.GetVersion", "tools\AssemblyVersioning\GetAssemblyVersion\Geocrest.Net.GetVersion.csproj", "{31CCBE71-6CB4-4322-B746-568B8B3F86F8}"
EndProject
Project("{FAE04EC0-301F-11D3-BF4B-00C04F79EFBC}") = "Geocrest.Data.Contracts.Gis", "src\Geocrest.Data.Contracts.GIS\Geocrest.Data.Contracts.Gis.csproj", "{1F6646C2-3230-43FE-83EF-45D1ABC5EB31}"
EndProject
Project("{2150E333-8FDC-42A3-9474-1A3956D46DE8}") = "Models", "Models", "{DC8489EE-12E7-4213-BC24-660B2A6741BE}"
EndProject
Project("{2150E333-8FDC-42A3-9474-1A3956D46DE8}") = "Silverlight", "Silverlight", "{6335B5D3-5872-4E58-890C-303DC92D9B78}"
EndProject
Project("{2150E333-8FDC-42A3-9474-1A3956D46DE8}") = "5", "5", "{904BB394-D73D-4A9E-80AB-E310FE1B9030}"
EndProject
Project("{FAE04EC0-301F-11D3-BF4B-00C04F79EFBC}") = "Geocrest.Model", "src\Models\Silverlight\5\Geocrest.Model\Geocrest.Model.csproj", "{559F20F7-2A7F-4912-8FD7-D7D373CE1F9B}"
EndProject
Project("{FAE04EC0-301F-11D3-BF4B-00C04F79EFBC}") = "Geocrest.Data.Sources", "src\Geocrest.Data.Sources\Geocrest.Data.Sources.csproj", "{21BF56B6-2EE8-4B3A-B286-7A4EB079FF42}"
EndProject
Project("{FAE04EC0-301F-11D3-BF4B-00C04F79EFBC}") = "Geocrest.Data.Sources.Gis", "src\Geocrest.Data.Sources.Gis\Geocrest.Data.Sources.Gis.csproj", "{DF8540B8-64C2-4CB8-9726-984B0FB6A068}"
EndProject
Project("{FAE04EC0-301F-11D3-BF4B-00C04F79EFBC}") = "Geocrest.Web.Tokens", "src\Geocrest.Web.Tokens\Geocrest.Web.Tokens.csproj", "{9B38EE99-EAC4-457A-82DE-743C96019654}"
EndProject
Project("{FAE04EC0-301F-11D3-BF4B-00C04F79EFBC}") = "Geocrest.Web.Hypermedia", "src\Geocrest.Web.Hypermedia\Geocrest.Web.Hypermedia.csproj", "{071AF675-7846-469A-AD16-CED73B903CA6}"
EndProject
Project("{FAE04EC0-301F-11D3-BF4B-00C04F79EFBC}") = "Geocrest.Web.Wcf", "src\Geocrest.Web.Wcf\Geocrest.Web.Wcf.csproj", "{476A64CA-45AC-4432-BE89-06AFF19473D3}"
EndProject
Project("{2150E333-8FDC-42A3-9474-1A3956D46DE8}") = "4.5", "4.5", "{E8CB1CDE-D606-4C1A-ADC6-8A14912B76E7}"
EndProject
Project("{FAE04EC0-301F-11D3-BF4B-00C04F79EFBC}") = "Geocrest.Model", "src\Models\4.5\Geocrest.Model\Geocrest.Model.csproj", "{2D2F8F71-D510-40E1-9F52-BBE2C2390FA6}"
EndProject
Project("{FAE04EC0-301F-11D3-BF4B-00C04F79EFBC}") = "Geocrest.Model.Extensions", "src\Models\4.5\Geocrest.Model.Extensions\Geocrest.Model.Extensions.csproj", "{16078018-5AC2-4543-9833-63DC16B0BD90}"
EndProject
Project("{FAE04EC0-301F-11D3-BF4B-00C04F79EFBC}") = "Geocrest.Model.Representations", "src\Models\4.5\Geocrest.Model.Representations\Geocrest.Model.Representations.csproj", "{1B0D53C8-88CC-4193-936F-0345E8D5BE55}"
EndProject
Global
	GlobalSection(SolutionConfigurationPlatforms) = preSolution
		Debug|Any CPU = Debug|Any CPU
		Release|Any CPU = Release|Any CPU
	EndGlobalSection
	GlobalSection(ProjectConfigurationPlatforms) = postSolution
		{68F2970D-2DE2-4A77-AA27-2B08D0FC236D}.Debug|Any CPU.ActiveCfg = Debug|Any CPU
		{68F2970D-2DE2-4A77-AA27-2B08D0FC236D}.Debug|Any CPU.Build.0 = Debug|Any CPU
		{68F2970D-2DE2-4A77-AA27-2B08D0FC236D}.Release|Any CPU.ActiveCfg = Release|Any CPU
		{68F2970D-2DE2-4A77-AA27-2B08D0FC236D}.Release|Any CPU.Build.0 = Release|Any CPU
		{D1A814CD-A86E-43DA-B5F5-29A34AA8BD57}.Debug|Any CPU.ActiveCfg = Debug|Any CPU
		{D1A814CD-A86E-43DA-B5F5-29A34AA8BD57}.Debug|Any CPU.Build.0 = Debug|Any CPU
		{D1A814CD-A86E-43DA-B5F5-29A34AA8BD57}.Release|Any CPU.ActiveCfg = Release|Any CPU
		{D1A814CD-A86E-43DA-B5F5-29A34AA8BD57}.Release|Any CPU.Build.0 = Release|Any CPU
		{271B99F7-15AC-4ADF-A5E7-E62D215E614B}.Debug|Any CPU.ActiveCfg = Debug|Any CPU
		{271B99F7-15AC-4ADF-A5E7-E62D215E614B}.Debug|Any CPU.Build.0 = Debug|Any CPU
		{271B99F7-15AC-4ADF-A5E7-E62D215E614B}.Release|Any CPU.ActiveCfg = Release|Any CPU
		{271B99F7-15AC-4ADF-A5E7-E62D215E614B}.Release|Any CPU.Build.0 = Release|Any CPU
		{5201C0CE-A087-4D0D-AC3D-5FE70EFC4AEC}.Debug|Any CPU.ActiveCfg = Release|Any CPU
		{5201C0CE-A087-4D0D-AC3D-5FE70EFC4AEC}.Release|Any CPU.ActiveCfg = Release|Any CPU
		{31CCBE71-6CB4-4322-B746-568B8B3F86F8}.Debug|Any CPU.ActiveCfg = Debug|Any CPU
		{31CCBE71-6CB4-4322-B746-568B8B3F86F8}.Debug|Any CPU.Build.0 = Debug|Any CPU
		{31CCBE71-6CB4-4322-B746-568B8B3F86F8}.Release|Any CPU.ActiveCfg = Release|Any CPU
		{31CCBE71-6CB4-4322-B746-568B8B3F86F8}.Release|Any CPU.Build.0 = Release|Any CPU
		{1F6646C2-3230-43FE-83EF-45D1ABC5EB31}.Debug|Any CPU.ActiveCfg = Debug|Any CPU
		{1F6646C2-3230-43FE-83EF-45D1ABC5EB31}.Debug|Any CPU.Build.0 = Debug|Any CPU
		{1F6646C2-3230-43FE-83EF-45D1ABC5EB31}.Release|Any CPU.ActiveCfg = Release|Any CPU
		{1F6646C2-3230-43FE-83EF-45D1ABC5EB31}.Release|Any CPU.Build.0 = Release|Any CPU
		{559F20F7-2A7F-4912-8FD7-D7D373CE1F9B}.Debug|Any CPU.ActiveCfg = Debug|Any CPU
		{559F20F7-2A7F-4912-8FD7-D7D373CE1F9B}.Debug|Any CPU.Build.0 = Debug|Any CPU
		{559F20F7-2A7F-4912-8FD7-D7D373CE1F9B}.Release|Any CPU.ActiveCfg = Release|Any CPU
		{559F20F7-2A7F-4912-8FD7-D7D373CE1F9B}.Release|Any CPU.Build.0 = Release|Any CPU
		{21BF56B6-2EE8-4B3A-B286-7A4EB079FF42}.Debug|Any CPU.ActiveCfg = Debug|Any CPU
		{21BF56B6-2EE8-4B3A-B286-7A4EB079FF42}.Debug|Any CPU.Build.0 = Debug|Any CPU
		{21BF56B6-2EE8-4B3A-B286-7A4EB079FF42}.Release|Any CPU.ActiveCfg = Release|Any CPU
		{21BF56B6-2EE8-4B3A-B286-7A4EB079FF42}.Release|Any CPU.Build.0 = Release|Any CPU
		{DF8540B8-64C2-4CB8-9726-984B0FB6A068}.Debug|Any CPU.ActiveCfg = Debug|Any CPU
		{DF8540B8-64C2-4CB8-9726-984B0FB6A068}.Debug|Any CPU.Build.0 = Debug|Any CPU
		{DF8540B8-64C2-4CB8-9726-984B0FB6A068}.Release|Any CPU.ActiveCfg = Release|Any CPU
		{DF8540B8-64C2-4CB8-9726-984B0FB6A068}.Release|Any CPU.Build.0 = Release|Any CPU
		{9B38EE99-EAC4-457A-82DE-743C96019654}.Debug|Any CPU.ActiveCfg = Debug|Any CPU
		{9B38EE99-EAC4-457A-82DE-743C96019654}.Debug|Any CPU.Build.0 = Debug|Any CPU
		{9B38EE99-EAC4-457A-82DE-743C96019654}.Release|Any CPU.ActiveCfg = Release|Any CPU
		{9B38EE99-EAC4-457A-82DE-743C96019654}.Release|Any CPU.Build.0 = Release|Any CPU
		{071AF675-7846-469A-AD16-CED73B903CA6}.Debug|Any CPU.ActiveCfg = Debug|Any CPU
		{071AF675-7846-469A-AD16-CED73B903CA6}.Debug|Any CPU.Build.0 = Debug|Any CPU
		{071AF675-7846-469A-AD16-CED73B903CA6}.Release|Any CPU.ActiveCfg = Release|Any CPU
		{071AF675-7846-469A-AD16-CED73B903CA6}.Release|Any CPU.Build.0 = Release|Any CPU
		{476A64CA-45AC-4432-BE89-06AFF19473D3}.Debug|Any CPU.ActiveCfg = Debug|Any CPU
		{476A64CA-45AC-4432-BE89-06AFF19473D3}.Debug|Any CPU.Build.0 = Debug|Any CPU
		{476A64CA-45AC-4432-BE89-06AFF19473D3}.Release|Any CPU.ActiveCfg = Release|Any CPU
		{476A64CA-45AC-4432-BE89-06AFF19473D3}.Release|Any CPU.Build.0 = Release|Any CPU
		{2D2F8F71-D510-40E1-9F52-BBE2C2390FA6}.Debug|Any CPU.ActiveCfg = Debug|Any CPU
		{2D2F8F71-D510-40E1-9F52-BBE2C2390FA6}.Debug|Any CPU.Build.0 = Debug|Any CPU
		{2D2F8F71-D510-40E1-9F52-BBE2C2390FA6}.Release|Any CPU.ActiveCfg = Release|Any CPU
		{2D2F8F71-D510-40E1-9F52-BBE2C2390FA6}.Release|Any CPU.Build.0 = Release|Any CPU
		{16078018-5AC2-4543-9833-63DC16B0BD90}.Debug|Any CPU.ActiveCfg = Debug|Any CPU
		{16078018-5AC2-4543-9833-63DC16B0BD90}.Debug|Any CPU.Build.0 = Debug|Any CPU
		{16078018-5AC2-4543-9833-63DC16B0BD90}.Release|Any CPU.ActiveCfg = Release|Any CPU
		{16078018-5AC2-4543-9833-63DC16B0BD90}.Release|Any CPU.Build.0 = Release|Any CPU
		{1B0D53C8-88CC-4193-936F-0345E8D5BE55}.Debug|Any CPU.ActiveCfg = Debug|Any CPU
		{1B0D53C8-88CC-4193-936F-0345E8D5BE55}.Debug|Any CPU.Build.0 = Debug|Any CPU
		{1B0D53C8-88CC-4193-936F-0345E8D5BE55}.Release|Any CPU.ActiveCfg = Release|Any CPU
		{1B0D53C8-88CC-4193-936F-0345E8D5BE55}.Release|Any CPU.Build.0 = Release|Any CPU
	EndGlobalSection
	GlobalSection(SolutionProperties) = preSolution
		HideSolutionNode = FALSE
	EndGlobalSection
	GlobalSection(NestedProjects) = preSolution
		{68F2970D-2DE2-4A77-AA27-2B08D0FC236D} = {DFD90553-2D87-4869-90E7-BF9E725B2799}
		{D1A814CD-A86E-43DA-B5F5-29A34AA8BD57} = {DFD90553-2D87-4869-90E7-BF9E725B2799}
		{271B99F7-15AC-4ADF-A5E7-E62D215E614B} = {DFD90553-2D87-4869-90E7-BF9E725B2799}
		{5201C0CE-A087-4D0D-AC3D-5FE70EFC4AEC} = {3F766CFB-6A4E-4E2E-8A77-7258C3DB93F6}
		{31CCBE71-6CB4-4322-B746-568B8B3F86F8} = {3F766CFB-6A4E-4E2E-8A77-7258C3DB93F6}
		{1F6646C2-3230-43FE-83EF-45D1ABC5EB31} = {DFD90553-2D87-4869-90E7-BF9E725B2799}
		{DC8489EE-12E7-4213-BC24-660B2A6741BE} = {DFD90553-2D87-4869-90E7-BF9E725B2799}
		{6335B5D3-5872-4E58-890C-303DC92D9B78} = {DC8489EE-12E7-4213-BC24-660B2A6741BE}
		{904BB394-D73D-4A9E-80AB-E310FE1B9030} = {6335B5D3-5872-4E58-890C-303DC92D9B78}
		{559F20F7-2A7F-4912-8FD7-D7D373CE1F9B} = {904BB394-D73D-4A9E-80AB-E310FE1B9030}
		{21BF56B6-2EE8-4B3A-B286-7A4EB079FF42} = {DFD90553-2D87-4869-90E7-BF9E725B2799}
		{DF8540B8-64C2-4CB8-9726-984B0FB6A068} = {DFD90553-2D87-4869-90E7-BF9E725B2799}
		{9B38EE99-EAC4-457A-82DE-743C96019654} = {DFD90553-2D87-4869-90E7-BF9E725B2799}
		{071AF675-7846-469A-AD16-CED73B903CA6} = {DFD90553-2D87-4869-90E7-BF9E725B2799}
		{476A64CA-45AC-4432-BE89-06AFF19473D3} = {DFD90553-2D87-4869-90E7-BF9E725B2799}
		{E8CB1CDE-D606-4C1A-ADC6-8A14912B76E7} = {DC8489EE-12E7-4213-BC24-660B2A6741BE}
		{2D2F8F71-D510-40E1-9F52-BBE2C2390FA6} = {E8CB1CDE-D606-4C1A-ADC6-8A14912B76E7}
		{16078018-5AC2-4543-9833-63DC16B0BD90} = {E8CB1CDE-D606-4C1A-ADC6-8A14912B76E7}
		{1B0D53C8-88CC-4193-936F-0345E8D5BE55} = {E8CB1CDE-D606-4C1A-ADC6-8A14912B76E7}
	EndGlobalSection
EndGlobal
